
Microsoft Visual Studio Solution File, Format Version 12.00
# Visual Studio 15
VisualStudioVersion = 15.0.28307.136
MinimumVisualStudioVersion = 10.0.40219.1
Project("{FAE04EC0-301F-11D3-BF4B-00C04F79EFBC}") = "Day1", "Day1\Day1.csproj", "{B94CE633-80EF-4582-97ED-8A15B9DCEDEF}"
EndProject
Project("{A59371CC-72CD-46C4-8E8B-4B159F4E70EC}") = "Day2", "Day2\Day2.csproj", "{D460E854-BA97-42E2-8FE2-02806DC3D48F}"
EndProject
Global
	GlobalSection(SolutionConfigurationPlatforms) = preSolution
		Debug|Any CPU = Debug|Any CPU
		Release|Any CPU = Release|Any CPU
	EndGlobalSection
	GlobalSection(ProjectConfigurationPlatforms) = postSolution
		{B94CE633-80EF-4582-97ED-8A15B9DCEDEF}.Debug|Any CPU.ActiveCfg = Debug|Any CPU
		{B94CE633-80EF-4582-97ED-8A15B9DCEDEF}.Debug|Any CPU.Build.0 = Debug|Any CPU
		{B94CE633-80EF-4582-97ED-8A15B9DCEDEF}.Release|Any CPU.ActiveCfg = Release|Any CPU
		{B94CE633-80EF-4582-97ED-8A15B9DCEDEF}.Release|Any CPU.Build.0 = Release|Any CPU
		{D460E854-BA97-42E2-8FE2-02806DC3D48F}.Debug|Any CPU.ActiveCfg = Debug|Any CPU
		{D460E854-BA97-42E2-8FE2-02806DC3D48F}.Debug|Any CPU.Build.0 = Debug|Any CPU
		{D460E854-BA97-42E2-8FE2-02806DC3D48F}.Release|Any CPU.ActiveCfg = Release|Any CPU
		{D460E854-BA97-42E2-8FE2-02806DC3D48F}.Release|Any CPU.Build.0 = Release|Any CPU
	EndGlobalSection
	GlobalSection(SolutionProperties) = preSolution
		HideSolutionNode = FALSE
	EndGlobalSection
	GlobalSection(ExtensibilityGlobals) = postSolution
		SolutionGuid = {4FF4B9DE-22B3-4C53-99A8-664716173C5F}
	EndGlobalSection
EndGlobal
